# This file is generated by running "yarn install" inside your project.
# Manual changes might be lost - proceed with caution!

__metadata:
  version: 8
  cacheKey: 10c0

"@cspotcode/source-map-support@npm:^0.8.0":
  version: 0.8.1
  resolution: "@cspotcode/source-map-support@npm:0.8.1"
  dependencies:
    "@jridgewell/trace-mapping": "npm:0.3.9"
  checksum: 10c0/05c5368c13b662ee4c122c7bfbe5dc0b613416672a829f3e78bc49a357a197e0218d6e74e7c66cfcd04e15a179acab080bd3c69658c9fbefd0e1ccd950a07fc6
  languageName: node
  linkType: hard

"@jridgewell/resolve-uri@npm:^3.0.3":
  version: 3.1.2
  resolution: "@jridgewell/resolve-uri@npm:3.1.2"
  checksum: 10c0/d502e6fb516b35032331406d4e962c21fe77cdf1cbdb49c6142bcbd9e30507094b18972778a6e27cbad756209cfe34b1a27729e6fa08a2eb92b33943f680cf1e
  languageName: node
  linkType: hard

"@jridgewell/sourcemap-codec@npm:^1.4.10":
  version: 1.5.4
  resolution: "@jridgewell/sourcemap-codec@npm:1.5.4"
  checksum: 10c0/c5aab3e6362a8dd94ad80ab90845730c825fc4c8d9cf07ebca7a2eb8a832d155d62558800fc41d42785f989ddbb21db6df004d1786e8ecb65e428ab8dff71309
  languageName: node
  linkType: hard

"@jridgewell/trace-mapping@npm:0.3.9":
  version: 0.3.9
  resolution: "@jridgewell/trace-mapping@npm:0.3.9"
  dependencies:
    "@jridgewell/resolve-uri": "npm:^3.0.3"
    "@jridgewell/sourcemap-codec": "npm:^1.4.10"
  checksum: 10c0/fa425b606d7c7ee5bfa6a31a7b050dd5814b4082f318e0e4190f991902181b4330f43f4805db1dd4f2433fd0ed9cc7a7b9c2683f1deeab1df1b0a98b1e24055b
  languageName: node
  linkType: hard

"@telegraf/types@npm:^7.1.0":
  version: 7.1.0
  resolution: "@telegraf/types@npm:7.1.0"
  checksum: 10c0/643febc20cb8e3600a3d1f8468758a58247311347f60f2bb94235c54f0546825db7a64bf12c59d484b3d26ac983c0b34a2b13ceb91c751d18d570fd6324757cd
  languageName: node
  linkType: hard

"@tsconfig/node10@npm:^1.0.7":
  version: 1.0.11
  resolution: "@tsconfig/node10@npm:1.0.11"
  checksum: 10c0/28a0710e5d039e0de484bdf85fee883bfd3f6a8980601f4d44066b0a6bcd821d31c4e231d1117731c4e24268bd4cf2a788a6787c12fc7f8d11014c07d582783c
  languageName: node
  linkType: hard

"@tsconfig/node12@npm:^1.0.7":
  version: 1.0.11
  resolution: "@tsconfig/node12@npm:1.0.11"
  checksum: 10c0/dddca2b553e2bee1308a056705103fc8304e42bb2d2cbd797b84403a223b25c78f2c683ec3e24a095e82cd435387c877239bffcb15a590ba817cd3f6b9a99fd9
  languageName: node
  linkType: hard

"@tsconfig/node14@npm:^1.0.0":
  version: 1.0.3
  resolution: "@tsconfig/node14@npm:1.0.3"
  checksum: 10c0/67c1316d065fdaa32525bc9449ff82c197c4c19092b9663b23213c8cbbf8d88b6ed6a17898e0cbc2711950fbfaf40388938c1c748a2ee89f7234fc9e7fe2bf44
  languageName: node
  linkType: hard

"@tsconfig/node16@npm:^1.0.2":
  version: 1.0.4
  resolution: "@tsconfig/node16@npm:1.0.4"
  checksum: 10c0/05f8f2734e266fb1839eb1d57290df1664fe2aa3b0fdd685a9035806daa635f7519bf6d5d9b33f6e69dd545b8c46bd6e2b5c79acb2b1f146e885f7f11a42a5bb
  languageName: node
  linkType: hard

"@types/node@npm:^20.19.7":
  version: 20.19.9
  resolution: "@types/node@npm:20.19.9"
  dependencies:
    undici-types: "npm:~6.21.0"
  checksum: 10c0/c6738131f1698258a5ac1e0185e4fc56977f7f566cd0ee11167f93f2339478470257bd82c5e1908a936a204e0ad7996d741356a1a07c04997a236161ea23a874
  languageName: node
  linkType: hard

"abort-controller@npm:^3.0.0":
  version: 3.0.0
  resolution: "abort-controller@npm:3.0.0"
  dependencies:
    event-target-shim: "npm:^5.0.0"
  checksum: 10c0/90ccc50f010250152509a344eb2e71977fbf8db0ab8f1061197e3275ddf6c61a41a6edfd7b9409c664513131dd96e962065415325ef23efa5db931b382d24ca5
  languageName: node
  linkType: hard

"acorn-walk@npm:^8.1.1":
  version: 8.3.4
  resolution: "acorn-walk@npm:8.3.4"
  dependencies:
    acorn: "npm:^8.11.0"
  checksum: 10c0/76537ac5fb2c37a64560feaf3342023dadc086c46da57da363e64c6148dc21b57d49ace26f949e225063acb6fb441eabffd89f7a3066de5ad37ab3e328927c62
  languageName: node
  linkType: hard

"acorn@npm:^8.11.0, acorn@npm:^8.4.1":
  version: 8.15.0
  resolution: "acorn@npm:8.15.0"
  bin:
    acorn: bin/acorn
  checksum: 10c0/dec73ff59b7d6628a01eebaece7f2bdb8bb62b9b5926dcad0f8931f2b8b79c2be21f6c68ac095592adb5adb15831a3635d9343e6a91d028bbe85d564875ec3ec
  languageName: node
  linkType: hard

"arg@npm:^4.1.0":
  version: 4.1.3
  resolution: "arg@npm:4.1.3"
  checksum: 10c0/070ff801a9d236a6caa647507bdcc7034530604844d64408149a26b9e87c2f97650055c0f049abd1efc024b334635c01f29e0b632b371ac3f26130f4cf65997a
  languageName: node
  linkType: hard

"baracholchik_bot@workspace:.":
  version: 0.0.0-use.local
  resolution: "baracholchik_bot@workspace:."
  dependencies:
    "@types/node": "npm:^20.19.7"
    dotenv: "npm:^16.4.7"
    telegraf: "npm:^4.16.3"
    ts-node: "npm:^10.9.2"
    typescript: "npm:^5.8.3"
  languageName: unknown
  linkType: soft

"buffer-alloc-unsafe@npm:^1.1.0":
  version: 1.1.0
  resolution: "buffer-alloc-unsafe@npm:1.1.0"
  checksum: 10c0/06b9298c9369621a830227c3797ceb3ff5535e323946d7b39a7398fed8b3243798259b3c85e287608c5aad35ccc551cec1a0a5190cc8f39652e8eee25697fc9c
  languageName: node
  linkType: hard

"buffer-alloc@npm:^1.2.0":
  version: 1.2.0
  resolution: "buffer-alloc@npm:1.2.0"
  dependencies:
    buffer-alloc-unsafe: "npm:^1.1.0"
    buffer-fill: "npm:^1.0.0"
  checksum: 10c0/09d87dd53996342ccfbeb2871257d8cdb25ce9ee2259adc95c6490200cd6e528c5fbae8f30bcc323fe8d8efb0fe541e4ac3bbe9ee3f81c6b7c4b27434cc02ab4
  languageName: node
  linkType: hard

"buffer-fill@npm:^1.0.0":
  version: 1.0.0
  resolution: "buffer-fill@npm:1.0.0"
  checksum: 10c0/55b5654fbbf2d7ceb4991bb537f5e5b5b5b9debca583fee416a74fcec47c16d9e7a90c15acd27577da7bd750b7fa6396e77e7c221e7af138b6d26242381c6e4d
  languageName: node
  linkType: hard

"create-require@npm:^1.1.0":
  version: 1.1.1
  resolution: "create-require@npm:1.1.1"
  checksum: 10c0/157cbc59b2430ae9a90034a5f3a1b398b6738bf510f713edc4d4e45e169bc514d3d99dd34d8d01ca7ae7830b5b8b537e46ae8f3c8f932371b0875c0151d7ec91
  languageName: node
  linkType: hard

"debug@npm:^4.3.4":
  version: 4.4.1
  resolution: "debug@npm:4.4.1"
  dependencies:
    ms: "npm:^2.1.3"
  peerDependenciesMeta:
    supports-color:
      optional: true
  checksum: 10c0/d2b44bc1afd912b49bb7ebb0d50a860dc93a4dd7d946e8de94abc957bb63726b7dd5aa48c18c2386c379ec024c46692e15ed3ed97d481729f929201e671fcd55
  languageName: node
  linkType: hard

"diff@npm:^4.0.1":
  version: 4.0.2
  resolution: "diff@npm:4.0.2"
  checksum: 10c0/81b91f9d39c4eaca068eb0c1eb0e4afbdc5bb2941d197f513dd596b820b956fef43485876226d65d497bebc15666aa2aa82c679e84f65d5f2bfbf14ee46e32c1
  languageName: node
  linkType: hard

"dotenv@npm:^16.4.7":
  version: 16.6.1
  resolution: "dotenv@npm:16.6.1"
  checksum: 10c0/15ce56608326ea0d1d9414a5c8ee6dcf0fffc79d2c16422b4ac2268e7e2d76ff5a572d37ffe747c377de12005f14b3cc22361e79fc7f1061cce81f77d2c973dc
  languageName: node
  linkType: hard

"event-target-shim@npm:^5.0.0":
  version: 5.0.1
  resolution: "event-target-shim@npm:5.0.1"
  checksum: 10c0/0255d9f936215fd206156fd4caa9e8d35e62075d720dc7d847e89b417e5e62cf1ce6c9b4e0a1633a9256de0efefaf9f8d26924b1f3c8620cffb9db78e7d3076b
  languageName: node
  linkType: hard

"make-error@npm:^1.1.1":
  version: 1.3.6
  resolution: "make-error@npm:1.3.6"
  checksum: 10c0/171e458d86854c6b3fc46610cfacf0b45149ba043782558c6875d9f42f222124384ad0b468c92e996d815a8a2003817a710c0a160e49c1c394626f76fa45396f
  languageName: node
  linkType: hard

"mri@npm:^1.2.0":
  version: 1.2.0
  resolution: "mri@npm:1.2.0"
  checksum: 10c0/a3d32379c2554cf7351db6237ddc18dc9e54e4214953f3da105b97dc3babe0deb3ffe99cf409b38ea47cc29f9430561ba6b53b24ab8f9ce97a4b50409e4a50e7
  languageName: node
  linkType: hard

"ms@npm:^2.1.3":
  version: 2.1.3
  resolution: "ms@npm:2.1.3"
  checksum: 10c0/d924b57e7312b3b63ad21fc5b3dc0af5e78d61a1fc7cfb5457edaf26326bf62be5307cc87ffb6862ef1c2b33b0233cdb5d4f01c4c958cc0d660948b65a287a48
  languageName: node
  linkType: hard

"node-fetch@npm:^2.7.0":
  version: 2.7.0
  resolution: "node-fetch@npm:2.7.0"
  dependencies:
    whatwg-url: "npm:^5.0.0"
  peerDependencies:
    encoding: ^0.1.0
  peerDependenciesMeta:
    encoding:
      optional: true
  checksum: 10c0/b55786b6028208e6fbe594ccccc213cab67a72899c9234eb59dba51062a299ea853210fcf526998eaa2867b0963ad72338824450905679ff0fa304b8c5093ae8
  languageName: node
  linkType: hard

"p-timeout@npm:^4.1.0":
  version: 4.1.0
  resolution: "p-timeout@npm:4.1.0"
  checksum: 10c0/25aaf13ae9ebfff4ab45591f6647f3bee1ecede073c367175fb0157c27efb170cfb51259a4d2e9118d2ca595453bc885f086ad0ca7476d1c26cee3d13a7c9f6d
  languageName: node
  linkType: hard

"safe-compare@npm:^1.1.4":
  version: 1.1.4
  resolution: "safe-compare@npm:1.1.4"
  dependencies:
    buffer-alloc: "npm:^1.2.0"
  checksum: 10c0/ada2ef3b6c3a216d82be7b749b4b3a247bcf28b028e1786e636ec83c0a0f918779c30158473e13b30120a6c5bfe3262eb39e95b42dae1dee191565442629f71e
  languageName: node
  linkType: hard

"sandwich-stream@npm:^2.0.2":
  version: 2.0.2
  resolution: "sandwich-stream@npm:2.0.2"
  checksum: 10c0/30c779dd32b63cf489cb0a1f28828977db51fe7ca1673ae143649ab583645f6ddb61acb28e770abe52f9006c230cbcc026e56d214964c7bfd788ae05d684643a
  languageName: node
  linkType: hard

"telegraf@npm:^4.16.3":
  version: 4.16.3
  resolution: "telegraf@npm:4.16.3"
  dependencies:
    "@telegraf/types": "npm:^7.1.0"
    abort-controller: "npm:^3.0.0"
    debug: "npm:^4.3.4"
    mri: "npm:^1.2.0"
    node-fetch: "npm:^2.7.0"
    p-timeout: "npm:^4.1.0"
    safe-compare: "npm:^1.1.4"
    sandwich-stream: "npm:^2.0.2"
  bin:
    telegraf: lib/cli.mjs
  checksum: 10c0/58931c0cfb00481a99faf757cff3421f9ffb25a4f26c6d34150bc3a0a6e30a98860d7ff824f785f0155c9772fff478fc4a8d22ed975e48014f5037e727f2c995
  languageName: node
  linkType: hard

"tr46@npm:~0.0.3":
  version: 0.0.3
  resolution: "tr46@npm:0.0.3"
  checksum: 10c0/047cb209a6b60c742f05c9d3ace8fa510bff609995c129a37ace03476a9b12db4dbf975e74600830ef0796e18882b2381fb5fb1f6b4f96b832c374de3ab91a11
  languageName: node
  linkType: hard

"ts-node@npm:^10.9.2":
  version: 10.9.2
  resolution: "ts-node@npm:10.9.2"
  dependencies:
    "@cspotcode/source-map-support": "npm:^0.8.0"
    "@tsconfig/node10": "npm:^1.0.7"
    "@tsconfig/node12": "npm:^1.0.7"
    "@tsconfig/node14": "npm:^1.0.0"
    "@tsconfig/node16": "npm:^1.0.2"
    acorn: "npm:^8.4.1"
    acorn-walk: "npm:^8.1.1"
    arg: "npm:^4.1.0"
    create-require: "npm:^1.1.0"
    diff: "npm:^4.0.1"
    make-error: "npm:^1.1.1"
    v8-compile-cache-lib: "npm:^3.0.1"
    yn: "npm:3.1.1"
  peerDependencies:
    "@swc/core": ">=1.2.50"
    "@swc/wasm": ">=1.2.50"
    "@types/node": "*"
    typescript: ">=2.7"
  peerDependenciesMeta:
    "@swc/core":
      optional: true
    "@swc/wasm":
      optional: true
  bin:
    ts-node: dist/bin.js
    ts-node-cwd: dist/bin-cwd.js
    ts-node-esm: dist/bin-esm.js
    ts-node-script: dist/bin-script.js
    ts-node-transpile-only: dist/bin-transpile.js
    ts-script: dist/bin-script-deprecated.js
  checksum: 10c0/5f29938489f96982a25ba650b64218e83a3357d76f7bede80195c65ab44ad279c8357264639b7abdd5d7e75fc269a83daa0e9c62fd8637a3def67254ecc9ddc2
  languageName: node
  linkType: hard

"typescript@npm:^5.8.3":
  version: 5.9.2
  resolution: "typescript@npm:5.9.2"
  bin:
    tsc: bin/tsc
    tsserver: bin/tsserver
  checksum: 10c0/cd635d50f02d6cf98ed42de2f76289701c1ec587a363369255f01ed15aaf22be0813226bff3c53e99d971f9b540e0b3cc7583dbe05faded49b1b0bed2f638a18
  languageName: node
  linkType: hard

"typescript@patch:typescript@npm%3A^5.8.3#optional!builtin<compat/typescript>":
  version: 5.9.2
  resolution: "typescript@patch:typescript@npm%3A5.9.2#optional!builtin<compat/typescript>::version=5.9.2&hash=5786d5"
  bin:
    tsc: bin/tsc
    tsserver: bin/tsserver
  checksum: 10c0/34d2a8e23eb8e0d1875072064d5e1d9c102e0bdce56a10a25c0b917b8aa9001a9cf5c225df12497e99da107dc379360bc138163c66b55b95f5b105b50578067e
  languageName: node
  linkType: hard

"undici-types@npm:~6.21.0":
  version: 6.21.0
  resolution: "undici-types@npm:6.21.0"
  checksum: 10c0/c01ed51829b10aa72fc3ce64b747f8e74ae9b60eafa19a7b46ef624403508a54c526ffab06a14a26b3120d055e1104d7abe7c9017e83ced038ea5cf52f8d5e04
  languageName: node
  linkType: hard

"v8-compile-cache-lib@npm:^3.0.1":
  version: 3.0.1
  resolution: "v8-compile-cache-lib@npm:3.0.1"
  checksum: 10c0/bdc36fb8095d3b41df197f5fb6f11e3a26adf4059df3213e3baa93810d8f0cc76f9a74aaefc18b73e91fe7e19154ed6f134eda6fded2e0f1c8d2272ed2d2d391
  languageName: node
  linkType: hard

"webidl-conversions@npm:^3.0.0":
  version: 3.0.1
  resolution: "webidl-conversions@npm:3.0.1"
  checksum: 10c0/5612d5f3e54760a797052eb4927f0ddc01383550f542ccd33d5238cfd65aeed392a45ad38364970d0a0f4fea32e1f4d231b3d8dac4a3bdd385e5cf802ae097db
  languageName: node
  linkType: hard

"whatwg-url@npm:^5.0.0":
  version: 5.0.0
  resolution: "whatwg-url@npm:5.0.0"
  dependencies:
    tr46: "npm:~0.0.3"
    webidl-conversions: "npm:^3.0.0"
  checksum: 10c0/1588bed84d10b72d5eec1d0faa0722ba1962f1821e7539c535558fb5398d223b0c50d8acab950b8c488b4ba69043fd833cc2697056b167d8ad46fac3995a55d5
  languageName: node
  linkType: hard

"yn@npm:3.1.1":
  version: 3.1.1
  resolution: "yn@npm:3.1.1"
  checksum: 10c0/0732468dd7622ed8a274f640f191f3eaf1f39d5349a1b72836df484998d7d9807fbea094e2f5486d6b0cd2414aad5775972df0e68f8604db89a239f0f4bf7443
  languageName: node
  linkType: hard
